
Microsoft Visual Studio Solution File, Format Version 12.00
# Visual Studio Version 16
VisualStudioVersion = 16.0.32106.194
MinimumVisualStudioVersion = 10.0.40219.1
Project("{FAE04EC0-301F-11D3-BF4B-00C04F79EFBC}") = "PodliseckayaPR15.Android", "PodliseckayaPR15\PodliseckayaPR15.Android\PodliseckayaPR15.Android.csproj", "{F3944817-075C-4069-808A-9498EB0CCD63}"
EndProject
Project("{FAE04EC0-301F-11D3-BF4B-00C04F79EFBC}") = "PodliseckayaPR15.iOS", "PodliseckayaPR15\PodliseckayaPR15.iOS\PodliseckayaPR15.iOS.csproj", "{1FE39CE8-432E-4898-8634-F1353D04697A}"
EndProject
Project("{FAE04EC0-301F-11D3-BF4B-00C04F79EFBC}") = "PodliseckayaPR15", "PodliseckayaPR15\PodliseckayaPR15\PodliseckayaPR15.csproj", "{600B29D2-4527-4B0B-8989-0ABA434A05A5}"
EndProject
Global
	GlobalSection(SolutionConfigurationPlatforms) = preSolution
		Debug|Any CPU = Debug|Any CPU
		Debug|iPhone = Debug|iPhone
		Debug|iPhoneSimulator = Debug|iPhoneSimulator
		Release|Any CPU = Release|Any CPU
		Release|iPhone = Release|iPhone
		Release|iPhoneSimulator = Release|iPhoneSimulator
	EndGlobalSection
	GlobalSection(ProjectConfigurationPlatforms) = postSolution
		{F3944817-075C-4069-808A-9498EB0CCD63}.Debug|Any CPU.ActiveCfg = Debug|Any CPU
		{F3944817-075C-4069-808A-9498EB0CCD63}.Debug|Any CPU.Build.0 = Debug|Any CPU
		{F3944817-075C-4069-808A-9498EB0CCD63}.Debug|Any CPU.Deploy.0 = Debug|Any CPU
		{F3944817-075C-4069-808A-9498EB0CCD63}.Debug|iPhone.ActiveCfg = Debug|Any CPU
		{F3944817-075C-4069-808A-9498EB0CCD63}.Debug|iPhone.Build.0 = Debug|Any CPU
		{F3944817-075C-4069-808A-9498EB0CCD63}.Debug|iPhone.Deploy.0 = Debug|Any CPU
		{F3944817-075C-4069-808A-9498EB0CCD63}.Debug|iPhoneSimulator.ActiveCfg = Debug|Any CPU
		{F3944817-075C-4069-808A-9498EB0CCD63}.Debug|iPhoneSimulator.Build.0 = Debug|Any CPU
		{F3944817-075C-4069-808A-9498EB0CCD63}.Debug|iPhoneSimulator.Deploy.0 = Debug|Any CPU
		{F3944817-075C-4069-808A-9498EB0CCD63}.Release|Any CPU.ActiveCfg = Release|Any CPU
		{F3944817-075C-4069-808A-9498EB0CCD63}.Release|Any CPU.Build.0 = Release|Any CPU
		{F3944817-075C-4069-808A-9498EB0CCD63}.Release|Any CPU.Deploy.0 = Release|Any CPU
		{F3944817-075C-4069-808A-9498EB0CCD63}.Release|iPhone.ActiveCfg = Release|Any CPU
		{F3944817-075C-4069-808A-9498EB0CCD63}.Release|iPhone.Build.0 = Release|Any CPU
		{F3944817-075C-4069-808A-9498EB0CCD63}.Release|iPhone.Deploy.0 = Release|Any CPU
		{F3944817-075C-4069-808A-9498EB0CCD63}.Release|iPhoneSimulator.ActiveCfg = Release|Any CPU
		{F3944817-075C-4069-808A-9498EB0CCD63}.Release|iPhoneSimulator.Build.0 = Release|Any CPU
		{F3944817-075C-4069-808A-9498EB0CCD63}.Release|iPhoneSimulator.Deploy.0 = Release|Any CPU
		{1FE39CE8-432E-4898-8634-F1353D04697A}.Debug|Any CPU.ActiveCfg = Debug|iPhone
		{1FE39CE8-432E-4898-8634-F1353D04697A}.Debug|Any CPU.Build.0 = Debug|iPhone
		{1FE39CE8-432E-4898-8634-F1353D04697A}.Debug|Any CPU.Deploy.0 = Debug|iPhone
		{1FE39CE8-432E-4898-8634-F1353D04697A}.Debug|iPhone.ActiveCfg = Debug|iPhone
		{1FE39CE8-432E-4898-8634-F1353D04697A}.Debug|iPhone.Build.0 = Debug|iPhone
		{1FE39CE8-432E-4898-8634-F1353D04697A}.Debug|iPhone.Deploy.0 = Debug|iPhone
		{1FE39CE8-432E-4898-8634-F1353D04697A}.Debug|iPhoneSimulator.ActiveCfg = Debug|iPhoneSimulator
		{1FE39CE8-432E-4898-8634-F1353D04697A}.Debug|iPhoneSimulator.Build.0 = Debug|iPhoneSimulator
		{1FE39CE8-432E-4898-8634-F1353D04697A}.Debug|iPhoneSimulator.Deploy.0 = Debug|iPhoneSimulator
		{1FE39CE8-432E-4898-8634-F1353D04697A}.Release|Any CPU.ActiveCfg = Release|iPhoneSimulator
		{1FE39CE8-432E-4898-8634-F1353D04697A}.Release|Any CPU.Build.0 = Release|iPhoneSimulator
		{1FE39CE8-432E-4898-8634-F1353D04697A}.Release|Any CPU.Deploy.0 = Release|iPhoneSimulator
		{1FE39CE8-432E-4898-8634-F1353D04697A}.Release|iPhone.ActiveCfg = Release|iPhone
		{1FE39CE8-432E-4898-8634-F1353D04697A}.Release|iPhone.Build.0 = Release|iPhone
		{1FE39CE8-432E-4898-8634-F1353D04697A}.Release|iPhone.Deploy.0 = Release|iPhone
		{1FE39CE8-432E-4898-8634-F1353D04697A}.Release|iPhoneSimulator.ActiveCfg = Release|iPhoneSimulator
		{1FE39CE8-432E-4898-8634-F1353D04697A}.Release|iPhoneSimulator.Build.0 = Release|iPhoneSimulator
		{1FE39CE8-432E-4898-8634-F1353D04697A}.Release|iPhoneSimulator.Deploy.0 = Release|iPhoneSimulator
		{600B29D2-4527-4B0B-8989-0ABA434A05A5}.Debug|Any CPU.ActiveCfg = Debug|Any CPU
		{600B29D2-4527-4B0B-8989-0ABA434A05A5}.Debug|Any CPU.Build.0 = Debug|Any CPU
		{600B29D2-4527-4B0B-8989-0ABA434A05A5}.Debug|Any CPU.Deploy.0 = Debug|Any CPU
		{600B29D2-4527-4B0B-8989-0ABA434A05A5}.Debug|iPhone.ActiveCfg = Debug|Any CPU
		{600B29D2-4527-4B0B-8989-0ABA434A05A5}.Debug|iPhone.Build.0 = Debug|Any CPU
		{600B29D2-4527-4B0B-8989-0ABA434A05A5}.Debug|iPhone.Deploy.0 = Debug|Any CPU
		{600B29D2-4527-4B0B-8989-0ABA434A05A5}.Debug|iPhoneSimulator.ActiveCfg = Debug|Any CPU
		{600B29D2-4527-4B0B-8989-0ABA434A05A5}.Debug|iPhoneSimulator.Build.0 = Debug|Any CPU
		{600B29D2-4527-4B0B-8989-0ABA434A05A5}.Debug|iPhoneSimulator.Deploy.0 = Debug|Any CPU
		{600B29D2-4527-4B0B-8989-0ABA434A05A5}.Release|Any CPU.ActiveCfg = Release|Any CPU
		{600B29D2-4527-4B0B-8989-0ABA434A05A5}.Release|Any CPU.Build.0 = Release|Any CPU
		{600B29D2-4527-4B0B-8989-0ABA434A05A5}.Release|Any CPU.Deploy.0 = Release|Any CPU
		{600B29D2-4527-4B0B-8989-0ABA434A05A5}.Release|iPhone.ActiveCfg = Release|Any CPU
		{600B29D2-4527-4B0B-8989-0ABA434A05A5}.Release|iPhone.Build.0 = Release|Any CPU
		{600B29D2-4527-4B0B-8989-0ABA434A05A5}.Release|iPhone.Deploy.0 = Release|Any CPU
		{600B29D2-4527-4B0B-8989-0ABA434A05A5}.Release|iPhoneSimulator.ActiveCfg = Release|Any CPU
		{600B29D2-4527-4B0B-8989-0ABA434A05A5}.Release|iPhoneSimulator.Build.0 = Release|Any CPU
		{600B29D2-4527-4B0B-8989-0ABA434A05A5}.Release|iPhoneSimulator.Deploy.0 = Release|Any CPU
	EndGlobalSection
	GlobalSection(SolutionProperties) = preSolution
		HideSolutionNode = FALSE
	EndGlobalSection
	GlobalSection(ExtensibilityGlobals) = postSolution
		SolutionGuid = {7F4DB446-3EE2-45CF-BA9E-1B9F6A6B768C}
	EndGlobalSection
EndGlobal
